// !$*UTF8*$!
{
	archiveVersion = 1;
	classes = {
	};
	objectVersion = 56;
	objects = {

/* Begin PBXBuildFile section */
		512A366D2B52B7E700CBD141 /* AppDelegate.m in Sources */ = {isa = PBXBuildFile; fileRef = 512A366C2B52B7E700CBD141 /* AppDelegate.m */; };
		512A36702B52B7E700CBD141 /* SceneDelegate.m in Sources */ = {isa = PBXBuildFile; fileRef = 512A366F2B52B7E700CBD141 /* SceneDelegate.m */; };
		512A36732B52B7E700CBD141 /* GetRequestViewController.m in Sources */ = {isa = PBXBuildFile; fileRef = 512A36722B52B7E700CBD141 /* GetRequestViewController.m */; };
		512A36782B52B7E800CBD141 /* Assets.xcassets in Resources */ = {isa = PBXBuildFile; fileRef = 512A36772B52B7E800CBD141 /* Assets.xcassets */; };
		512A367B2B52B7E800CBD141 /* LaunchScreen.storyboard in Resources */ = {isa = PBXBuildFile; fileRef = 512A36792B52B7E800CBD141 /* LaunchScreen.storyboard */; };
		512A367E2B52B7E800CBD141 /* main.m in Sources */ = {isa = PBXBuildFile; fileRef = 512A367D2B52B7E800CBD141 /* main.m */; };
		51A20B3D2B54F9F700B7AB7C /* PostRequestViewController.m in Sources */ = {isa = PBXBuildFile; fileRef = 51A20B3C2B54F9F700B7AB7C /* PostRequestViewController.m */; };
		51A20B402B5518E000B7AB7C /* Loader.m in Sources */ = {isa = PBXBuildFile; fileRef = 51A20B3F2B5518E000B7AB7C /* Loader.m */; };
/* End PBXBuildFile section */

/* Begin PBXFileReference section */
		512A36682B52B7E700CBD141 /* t5.app */ = {isa = PBXFileReference; explicitFileType = wrapper.application; includeInIndex = 0; path = t5.app; sourceTree = BUILT_PRODUCTS_DIR; };
		512A366B2B52B7E700CBD141 /* AppDelegate.h */ = {isa = PBXFileReference; lastKnownFileType = sourcecode.c.h; path = AppDelegate.h; sourceTree = "<group>"; };
		512A366C2B52B7E700CBD141 /* AppDelegate.m */ = {isa = PBXFileReference; lastKnownFileType = sourcecode.c.objc; path = AppDelegate.m; sourceTree = "<group>"; };
		512A366E2B52B7E700CBD141 /* SceneDelegate.h */ = {isa = PBXFileReference; lastKnownFileType = sourcecode.c.h; path = SceneDelegate.h; sourceTree = "<group>"; };
		512A366F2B52B7E700CBD141 /* SceneDelegate.m */ = {isa = PBXFileReference; lastKnownFileType = sourcecode.c.objc; path = SceneDelegate.m; sourceTree = "<group>"; };
		512A36712B52B7E700CBD141 /* GetRequestViewController.h */ = {isa = PBXFileReference; lastKnownFileType = sourcecode.c.h; path = GetRequestViewController.h; sourceTree = "<group>"; };
		512A36722B52B7E700CBD141 /* GetRequestViewController.m */ = {isa = PBXFileReference; lastKnownFileType = sourcecode.c.objc; path = GetRequestViewController.m; sourceTree = "<group>"; };
		512A36772B52B7E800CBD141 /* Assets.xcassets */ = {isa = PBXFileReference; lastKnownFileType = folder.assetcatalog; path = Assets.xcassets; sourceTree = "<group>"; };
		512A367A2B52B7E800CBD141 /* Base */ = {isa = PBXFileReference; lastKnownFileType = file.storyboard; name = Base; path = Base.lproj/LaunchScreen.storyboard; sourceTree = "<group>"; };
		512A367C2B52B7E800CBD141 /* Info.plist */ = {isa = PBXFileReference; lastKnownFileType = text.plist.xml; path = Info.plist; sourceTree = "<group>"; };
		512A367D2B52B7E800CBD141 /* main.m */ = {isa = PBXFileReference; lastKnownFileType = sourcecode.c.objc; path = main.m; sourceTree = "<group>"; };
		51A20B3B2B54F9F700B7AB7C /* PostRequestViewController.h */ = {isa = PBXFileReference; lastKnownFileType = sourcecode.c.h; path = PostRequestViewController.h; sourceTree = "<group>"; };
		51A20B3C2B54F9F700B7AB7C /* PostRequestViewController.m */ = {isa = PBXFileReference; lastKnownFileType = sourcecode.c.objc; path = PostRequestViewController.m; sourceTree = "<group>"; };
		51A20B3E2B5518E000B7AB7C /* Loader.h */ = {isa = PBXFileReference; lastKnownFileType = sourcecode.c.h; path = Loader.h; sourceTree = "<group>"; };
		51A20B3F2B5518E000B7AB7C /* Loader.m */ = {isa = PBXFileReference; lastKnownFileType = sourcecode.c.objc; path = Loader.m; sourceTree = "<group>"; };
/* End PBXFileReference section */

/* Begin PBXFrameworksBuildPhase section */
		512A36652B52B7E700CBD141 /* Frameworks */ = {
			isa = PBXFrameworksBuildPhase;
			buildActionMask = 2147483647;
			files = (
			);
			runOnlyForDeploymentPostprocessing = 0;
		};
/* End PBXFrameworksBuildPhase section */

/* Begin PBXGroup section */
		512A365F2B52B7E700CBD141 = {
			isa = PBXGroup;
			children = (
				512A366A2B52B7E700CBD141 /* t5 */,
				512A36692B52B7E700CBD141 /* Products */,
			);
			sourceTree = "<group>";
		};
		512A36692B52B7E700CBD141 /* Products */ = {
			isa = PBXGroup;
			children = (
				512A36682B52B7E700CBD141 /* t5.app */,
			);
			name = Products;
			sourceTree = "<group>";
		};
		512A366A2B52B7E700CBD141 /* t5 */ = {
			isa = PBXGroup;
			children = (
				512A366B2B52B7E700CBD141 /* AppDelegate.h */,
				512A366C2B52B7E700CBD141 /* AppDelegate.m */,
				512A366E2B52B7E700CBD141 /* SceneDelegate.h */,
				512A366F2B52B7E700CBD141 /* SceneDelegate.m */,
				512A36712B52B7E700CBD141 /* GetRequestViewController.h */,
				512A36722B52B7E700CBD141 /* GetRequestViewController.m */,
				51A20B3B2B54F9F700B7AB7C /* PostRequestViewController.h */,
				51A20B3C2B54F9F700B7AB7C /* PostRequestViewController.m */,
				51A20B3E2B5518E000B7AB7C /* Loader.h */,
				51A20B3F2B5518E000B7AB7C /* Loader.m */,
				512A36772B52B7E800CBD141 /* Assets.xcassets */,
				512A36792B52B7E800CBD141 /* LaunchScreen.storyboard */,
				512A367C2B52B7E800CBD141 /* Info.plist */,
				512A367D2B52B7E800CBD141 /* main.m */,
			);
			path = t5;
			sourceTree = "<group>";
		};
/* End PBXGroup section */

/* Begin PBXNativeTarget section */
		512A36672B52B7E700CBD141 /* t5 */ = {
			isa = PBXNativeTarget;
			buildConfigurationList = 512A36812B52B7E800CBD141 /* Build configuration list for PBXNativeTarget "t5" */;
			buildPhases = (
				512A36642B52B7E700CBD141 /* Sources */,
				512A36652B52B7E700CBD141 /* Frameworks */,
				512A36662B52B7E700CBD141 /* Resources */,
			);
			buildRules = (
			);
			dependencies = (
			);
			name = t5;
			productName = t5;
			productReference = 512A36682B52B7E700CBD141 /* t5.app */;
			productType = "com.apple.product-type.application";
		};
/* End PBXNativeTarget section */

/* Begin PBXProject section */
		512A36602B52B7E700CBD141 /* Project object */ = {
			isa = PBXProject;
			attributes = {
				BuildIndependentTargetsInParallel = 1;
				LastUpgradeCheck = 1520;
				TargetAttributes = {
					512A36672B52B7E700CBD141 = {
						CreatedOnToolsVersion = 15.2;
					};
				};
			};
			buildConfigurationList = 512A36632B52B7E700CBD141 /* Build configuration list for PBXProject "t5" */;
			compatibilityVersion = "Xcode 14.0";
			developmentRegion = en;
			hasScannedForEncodings = 0;
			knownRegions = (
				en,
				Base,
			);
			mainGroup = 512A365F2B52B7E700CBD141;
			productRefGroup = 512A36692B52B7E700CBD141 /* Products */;
			projectDirPath = "";
			projectRoot = "";
			targets = (
				512A36672B52B7E700CBD141 /* t5 */,
			);
		};
/* End PBXProject section */

/* Begin PBXResourcesBuildPhase section */
		512A36662B52B7E700CBD141 /* Resources */ = {
			isa = PBXResourcesBuildPhase;
			buildActionMask = 2147483647;
			files = (
				512A367B2B52B7E800CBD141 /* LaunchScreen.storyboard in Resources */,
				512A36782B52B7E800CBD141 /* Assets.xcassets in Resources */,
			);
			runOnlyForDeploymentPostprocessing = 0;
		};
/* End PBXResourcesBuildPhase section */

/* Begin PBXSourcesBuildPhase section */
		512A36642B52B7E700CBD141 /* Sources */ = {
			isa = PBXSourcesBuildPhase;
			buildActionMask = 2147483647;
			files = (
				512A36732B52B7E700CBD141 /* GetRequestViewController.m in Sources */,
				512A366D2B52B7E700CBD141 /* AppDelegate.m in Sources */,
				512A367E2B52B7E800CBD141 /* main.m in Sources */,
				512A36702B52B7E700CBD141 /* SceneDelegate.m in Sources */,
				51A20B402B5518E000B7AB7C /* Loader.m in Sources */,
				51A20B3D2B54F9F700B7AB7C /* PostRequestViewController.m in Sources */,
			);
			runOnlyForDeploymentPostprocessing = 0;
		};
/* End PBXSourcesBuildPhase section */

/* Begin PBXVariantGroup section */
		512A36792B52B7E800CBD141 /* LaunchScreen.storyboard */ = {
			isa = PBXVariantGroup;
			children = (
				512A367A2B52B7E800CBD141 /* Base */,
			);
			name = LaunchScreen.storyboard;
			sourceTree = "<group>";
		};
/* End PBXVariantGroup section */

/* Begin XCBuildConfiguration section */
		512A367F2B52B7E800CBD141 /* Debug */ = {
			isa = XCBuildConfiguration;
			buildSettings = {
				ALWAYS_SEARCH_USER_PATHS = NO;
				ASSETCATALOG_COMPILER_GENERATE_SWIFT_ASSET_SYMBOL_EXTENSIONS = YES;
				CLANG_ANALYZER_NONNULL = YES;
				CLANG_ANALYZER_NUMBER_OBJECT_CONVERSION = YES_AGGRESSIVE;
				CLANG_CXX_LANGUAGE_STANDARD = "gnu++20";
				CLANG_ENABLE_MODULES = YES;
				CLANG_ENABLE_OBJC_ARC = YES;
				CLANG_ENABLE_OBJC_WEAK = YES;
				CLANG_WARN_BLOCK_CAPTURE_AUTORELEASING = YES;
				CLANG_WARN_BOOL_CONVERSION = YES;
				CLANG_WARN_COMMA = YES;
				CLANG_WARN_CONSTANT_CONVERSION = YES;
				CLANG_WARN_DEPRECATED_OBJC_IMPLEMENTATIONS = YES;
				CLANG_WARN_DIRECT_OBJC_ISA_USAGE = YES_ERROR;
				CLANG_WARN_DOCUMENTATION_COMMENTS = YES;
				CLANG_WARN_EMPTY_BODY = YES;
				CLANG_WARN_ENUM_CONVERSION = YES;
				CLANG_WARN_INFINITE_RECURSION = YES;
				CLANG_WARN_INT_CONVERSION = YES;
				CLANG_WARN_NON_LITERAL_NULL_CONVERSION = YES;
				CLANG_WARN_OBJC_IMPLICIT_RETAIN_SELF = YES;
				CLANG_WARN_OBJC_LITERAL_CONVERSION = YES;
				CLANG_WARN_OBJC_ROOT_CLASS = YES_ERROR;
				CLANG_WARN_QUOTED_INCLUDE_IN_FRAMEWORK_HEADER = YES;
				CLANG_WARN_RANGE_LOOP_ANALYSIS = YES;
				CLANG_WARN_STRICT_PROTOTYPES = YES;
				CLANG_WARN_SUSPICIOUS_MOVE = YES;
				CLANG_WARN_UNGUARDED_AVAILABILITY = YES_AGGRESSIVE;
				CLANG_WARN_UNREACHABLE_CODE = YES;
				CLANG_WARN__DUPLICATE_METHOD_MATCH = YES;
				COPY_PHASE_STRIP = NO;
				DEBUG_INFORMATION_FORMAT = dwarf;
				ENABLE_STRICT_OBJC_MSGSEND = YES;
				ENABLE_TESTABILITY = YES;
				ENABLE_USER_SCRIPT_SANDBOXING = YES;
				GCC_C_LANGUAGE_STANDARD = gnu17;
				GCC_DYNAMIC_NO_PIC = NO;
				GCC_NO_COMMON_BLOCKS = YES;
				GCC_OPTIMIZATION_LEVEL = 0;
				GCC_PREPROCESSOR_DEFINITIONS = (
					"DEBUG=1",
					"$(inherited)",
				);
				GCC_WARN_64_TO_32_BIT_CONVERSION = YES;
				GCC_WARN_ABOUT_RETURN_TYPE = YES_ERROR;
				GCC_WARN_UNDECLARED_SELECTOR = YES;
				GCC_WARN_UNINITIALIZED_AUTOS = YES_AGGRESSIVE;
				GCC_WARN_UNUSED_FUNCTION = YES;
				GCC_WARN_UNUSED_VARIABLE = YES;
				IPHONEOS_DEPLOYMENT_TARGET = 17.2;
				LOCALIZATION_PREFERS_STRING_CATALOGS = YES;
				MTL_ENABLE_DEBUG_INFO = INCLUDE_SOURCE;
				MTL_FAST_MATH = YES;
				ONLY_ACTIVE_ARCH = YES;
				SDKROOT = iphoneos;
			};
			name = Debug;
		};
		512A36802B52B7E800CBD141 /* Release */ = {
			isa = XCBuildConfiguration;
			buildSettings = {
				ALWAYS_SEARCH_USER_PATHS = NO;
				ASSETCATALOG_COMPILER_GENERATE_SWIFT_ASSET_SYMBOL_EXTENSIONS = YES;
				CLANG_ANALYZER_NONNULL = YES;
				CLANG_ANALYZER_NUMBER_OBJECT_CONVERSION = YES_AGGRESSIVE;
				CLANG_CXX_LANGUAGE_STANDARD = "gnu++20";
				CLANG_ENABLE_MODULES = YES;
				CLANG_ENABLE_OBJC_ARC = YES;
				CLANG_ENABLE_OBJC_WEAK = YES;
				CLANG_WARN_BLOCK_CAPTURE_AUTORELEASING = YES;
				CLANG_WARN_BOOL_CONVERSION = YES;
				CLANG_WARN_COMMA = YES;
				CLANG_WARN_CONSTANT_CONVERSION = YES;
				CLANG_WARN_DEPRECATED_OBJC_IMPLEMENTATIONS = YES;
				CLANG_WARN_DIRECT_OBJC_ISA_USAGE = YES_ERROR;
				CLANG_WARN_DOCUMENTATION_COMMENTS = YES;
				CLANG_WARN_EMPTY_BODY = YES;
				CLANG_WARN_ENUM_CONVERSION = YES;
				CLANG_WARN_INFINITE_RECURSION = YES;
				CLANG_WARN_INT_CONVERSION = YES;
				CLANG_WARN_NON_LITERAL_NULL_CONVERSION = YES;
				CLANG_WARN_OBJC_IMPLICIT_RETAIN_SELF = YES;
				CLANG_WARN_OBJC_LITERAL_CONVERSION = YES;
				CLANG_WARN_OBJC_ROOT_CLASS = YES_ERROR;
				CLANG_WARN_QUOTED_INCLUDE_IN_FRAMEWORK_HEADER = YES;
				CLANG_WARN_RANGE_LOOP_ANALYSIS = YES;
				CLANG_WARN_STRICT_PROTOTYPES = YES;
				CLANG_WARN_SUSPICIOUS_MOVE = YES;
				CLANG_WARN_UNGUARDED_AVAILABILITY = YES_AGGRESSIVE;
				CLANG_WARN_UNREACHABLE_CODE = YES;
				CLANG_WARN__DUPLICATE_METHOD_MATCH = YES;
				COPY_PHASE_STRIP = NO;
				DEBUG_INFORMATION_FORMAT = "dwarf-with-dsym";
				ENABLE_NS_ASSERTIONS = NO;
				ENABLE_STRICT_OBJC_MSGSEND = YES;
				ENABLE_USER_SCRIPT_SANDBOXING = YES;
				GCC_C_LANGUAGE_STANDARD = gnu17;
				GCC_NO_COMMON_BLOCKS = YES;
				GCC_WARN_64_TO_32_BIT_CONVERSION = YES;
				GCC_WARN_ABOUT_RETURN_TYPE = YES_ERROR;
				GCC_WARN_UNDECLARED_SELECTOR = YES;
				GCC_WARN_UNINITIALIZED_AUTOS = YES_AGGRESSIVE;
				GCC_WARN_UNUSED_FUNCTION = YES;
				GCC_WARN_UNUSED_VARIABLE = YES;
				IPHONEOS_DEPLOYMENT_TARGET = 17.2;
				LOCALIZATION_PREFERS_STRING_CATALOGS = YES;
				MTL_ENABLE_DEBUG_INFO = NO;
				MTL_FAST_MATH = YES;
				SDKROOT = iphoneos;
				VALIDATE_PRODUCT = YES;
			};
			name = Release;
		};
		512A36822B52B7E800CBD141 /* Debug */ = {
			isa = XCBuildConfiguration;
			buildSettings = {
				ASSETCATALOG_COMPILER_APPICON_NAME = AppIcon;
				ASSETCATALOG_COMPILER_GLOBAL_ACCENT_COLOR_NAME = AccentColor;
				CODE_SIGN_STYLE = Automatic;
				CURRENT_PROJECT_VERSION = 1;
				DEVELOPMENT_TEAM = 1;
				GENERATE_INFOPLIST_FILE = YES;
				INFOPLIST_FILE = t5/Info.plist;
				INFOPLIST_KEY_UIApplicationSupportsIndirectInputEvents = YES;
				INFOPLIST_KEY_UILaunchStoryboardName = LaunchScreen;
				INFOPLIST_KEY_UISupportedInterfaceOrientations = UIInterfaceOrientationPortrait;
				INFOPLIST_KEY_UISupportedInterfaceOrientations_iPad = "UIInterfaceOrientationLandscapeLeft UIInterfaceOrientationLandscapeRight UIInterfaceOrientationPortrait UIInterfaceOrientationPortraitUpsideDown";
				IPHONEOS_DEPLOYMENT_TARGET = 15.0;
				LD_RUNPATH_SEARCH_PATHS = (
					"$(inherited)",
					"@executable_path/Frameworks",
				);
				MARKETING_VERSION = 1.0;
				PRODUCT_BUNDLE_IDENTIFIER = megalitr.t5;
				PRODUCT_NAME = "$(TARGET_NAME)";
				SUPPORTED_PLATFORMS = "iphoneos iphonesimulator";
				SUPPORTS_MACCATALYST = NO;
				SUPPORTS_MAC_DESIGNED_FOR_IPHONE_IPAD = NO;
				SUPPORTS_XR_DESIGNED_FOR_IPHONE_IPAD = NO;
				SWIFT_EMIT_LOC_STRINGS = YES;
				TARGETED_DEVICE_FAMILY = 1;
			};
			name = Debug;
		};
		512A36832B52B7E800CBD141 /* Release */ = {
			isa = XCBuildConfiguration;
			buildSettings = {
				ASSETCATALOG_COMPILER_APPICON_NAME = AppIcon;
				ASSETCATALOG_COMPILER_GLOBAL_ACCENT_COLOR_NAME = AccentColor;
				CODE_SIGN_STYLE = Automatic;
				CURRENT_PROJECT_VERSION = 1;
				DEVELOPMENT_TEAM = 1;
				GENERATE_INFOPLIST_FILE = YES;
				INFOPLIST_FILE = t5/Info.plist;
				INFOPLIST_KEY_UIApplicationSupportsIndirectInputEvents = YES;
				INFOPLIST_KEY_UILaunchStoryboardName = LaunchScreen;
				INFOPLIST_KEY_UISupportedInterfaceOrientations = UIInterfaceOrientationPortrait;
				INFOPLIST_KEY_UISupportedInterfaceOrientations_iPad = "UIInterfaceOrientationLandscapeLeft UIInterfaceOrientationLandscapeRight UIInterfaceOrientationPortrait UIInterfaceOrientationPortraitUpsideDown";
				IPHONEOS_DEPLOYMENT_TARGET = 15.0;
				LD_RUNPATH_SEARCH_PATHS = (
					"$(inherited)",
					"@executable_path/Frameworks",
				);
				MARKETING_VERSION = 1.0;
				PRODUCT_BUNDLE_IDENTIFIER = megalitr.t5;
				PRODUCT_NAME = "$(TARGET_NAME)";
				SUPPORTED_PLATFORMS = "iphoneos iphonesimulator";
				SUPPORTS_MACCATALYST = NO;
				SUPPORTS_MAC_DESIGNED_FOR_IPHONE_IPAD = NO;
				SUPPORTS_XR_DESIGNED_FOR_IPHONE_IPAD = NO;
				SWIFT_EMIT_LOC_STRINGS = YES;
				TARGETED_DEVICE_FAMILY = 1;
			};
			name = Release;
		};
/* End XCBuildConfiguration section */

/* Begin XCConfigurationList section */
		512A36632B52B7E700CBD141 /* Build configuration list for PBXProject "t5" */ = {
			isa = XCConfigurationList;
			buildConfigurations = (
				512A367F2B52B7E800CBD141 /* Debug */,
				512A36802B52B7E800CBD141 /* Release */,
			);
			defaultConfigurationIsVisible = 0;
			defaultConfigurationName = Release;
		};
		512A36812B52B7E800CBD141 /* Build configuration list for PBXNativeTarget "t5" */ = {
			isa = XCConfigurationList;
			buildConfigurations = (
				512A36822B52B7E800CBD141 /* Debug */,
				512A36832B52B7E800CBD141 /* Release */,
			);
			defaultConfigurationIsVisible = 0;
			defaultConfigurationName = Release;
		};
/* End XCConfigurationList section */
	};
	rootObject = 512A36602B52B7E700CBD141 /* Project object */;
}
